Microsoft Visual Studio Solution File, Format Version 11.00
# Visual Studio 2008

Project("{4F59B3AB-612D-1755-8CED-F57C2B181196}") = "Territories - Copy", "Assembly-CSharp.csproj", "{DC635837-AA32-B169-8D56-D6E3B37C0282}"
EndProject
Project("{4F59B3AB-612D-1755-8CED-F57C2B181196}") = "Territories - Copy", "Assembly-UnityScript-firstpass.unityproj", "{5DEEF934-D399-FF45-7725-98D7215224B6}"
EndProject
Project("{4F59B3AB-612D-1755-8CED-F57C2B181196}") = "Territories - Copy", "Assembly-UnityScript.unityproj", "{356388CA-B86A-E80B-DF27-DC4DE10A2AC7}"
EndProject
Global
	GlobalSection(SolutionConfigurationPlatforms) = preSolution
		Debug|Any CPU = Debug|Any CPU
		Release|Any CPU = Release|Any CPU
	EndGlobalSection
	GlobalSection(ProjectConfigurationPlatforms) = postSolution
		{DC635837-AA32-B169-8D56-D6E3B37C0282}.Debug|Any CPU.ActiveCfg = Debug|Any CPU
		{DC635837-AA32-B169-8D56-D6E3B37C0282}.Debug|Any CPU.Build.0 = Debug|Any CPU
		{DC635837-AA32-B169-8D56-D6E3B37C0282}.Release|Any CPU.ActiveCfg = Release|Any CPU
		{DC635837-AA32-B169-8D56-D6E3B37C0282}.Release|Any CPU.Build.0 = Release|Any CPU
		{5DEEF934-D399-FF45-7725-98D7215224B6}.Debug|Any CPU.ActiveCfg = Debug|Any CPU
		{5DEEF934-D399-FF45-7725-98D7215224B6}.Debug|Any CPU.Build.0 = Debug|Any CPU
		{5DEEF934-D399-FF45-7725-98D7215224B6}.Release|Any CPU.ActiveCfg = Release|Any CPU
		{5DEEF934-D399-FF45-7725-98D7215224B6}.Release|Any CPU.Build.0 = Release|Any CPU
		{356388CA-B86A-E80B-DF27-DC4DE10A2AC7}.Debug|Any CPU.ActiveCfg = Debug|Any CPU
		{356388CA-B86A-E80B-DF27-DC4DE10A2AC7}.Debug|Any CPU.Build.0 = Debug|Any CPU
		{356388CA-B86A-E80B-DF27-DC4DE10A2AC7}.Release|Any CPU.ActiveCfg = Release|Any CPU
		{356388CA-B86A-E80B-DF27-DC4DE10A2AC7}.Release|Any CPU.Build.0 = Release|Any CPU
	EndGlobalSection
	GlobalSection(SolutionProperties) = preSolution
		HideSolutionNode = FALSE
	EndGlobalSection
																																																																																							GlobalSection(MonoDevelopProperties) = preSolution
		StartupItem = Assembly-CSharp.csproj
		Policies = $0
		$0.TextStylePolicy = $1
		$1.inheritsSet = null
		$1.scope = text/x-csharp
		$0.CSharpFormattingPolicy = $2
		$2.inheritsSet = Mono
		$2.inheritsScope = text/x-csharp
		$2.scope = text/x-csharp
		$0.TextStylePolicy = $3
		$3.FileWidth = 120
		$3.TabWidth = 4
		$3.EolMarker = Unix
		$3.inheritsSet = Mono
		$3.inheritsScope = text/plain
		$3.scope = text/plain
	EndGlobalSection

EndGlobal
