
Microsoft Visual Studio Solution File, Format Version 12.00
# Visual Studio 2013
Project("{FAE04EC0-301F-11D3-BF4B-00C04F79EFBC}") = "UnityVS.Territories_v20.CSharp", "UnityVS.Territories_v20.CSharp.csproj", "{2479A61D-54EE-86B9-C095-EF2BDE0AB857}"
EndProject
Global
	GlobalSection(SolutionConfigurationPlatforms) = preSolution
		Debug|Any CPU = Debug|Any CPU
		Release|Any CPU = Release|Any CPU
	EndGlobalSection
	GlobalSection(ProjectConfigurationPlatforms) = postSolution
		{2479A61D-54EE-86B9-C095-EF2BDE0AB857}.Debug|Any CPU.ActiveCfg = Debug|Any CPU
		{2479A61D-54EE-86B9-C095-EF2BDE0AB857}.Debug|Any CPU.Build.0 = Debug|Any CPU
		{2479A61D-54EE-86B9-C095-EF2BDE0AB857}.Release|Any CPU.ActiveCfg = Release|Any CPU
		{2479A61D-54EE-86B9-C095-EF2BDE0AB857}.Release|Any CPU.Build.0 = Release|Any CPU
	EndGlobalSection
	GlobalSection(SolutionProperties) = preSolution
		HideSolutionNode = FALSE
	EndGlobalSection
EndGlobal
